
Microsoft Visual Studio Solution File, Format Version 12.00
# Visual Studio Version 17
VisualStudioVersion = 17.8.34408.163
MinimumVisualStudioVersion = 10.0.40219.1
Project("{FAE04EC0-301F-11D3-BF4B-00C04F79EFBC}") = "RSLogix_Tags", "RSLogix_Tags\RSLogix_Tags.csproj", "{8B118822-1E2D-4BC0-9C86-278EAA74FE6A}"
EndProject
Project("{FAE04EC0-301F-11D3-BF4B-00C04F79EFBC}") = "LibplctagWrapper", "LibplctagWrapper\LibplctagWrapper.csproj", "{394ABFC2-E570-462E-9994-37B33C348702}"
EndProject
Global
	GlobalSection(SolutionConfigurationPlatforms) = preSolution
		Debug|Any CPU = Debug|Any CPU
		Release|Any CPU = Release|Any CPU
	EndGlobalSection
	GlobalSection(ProjectConfigurationPlatforms) = postSolution
		{8B118822-1E2D-4BC0-9C86-278EAA74FE6A}.Debug|Any CPU.ActiveCfg = Debug|Any CPU
		{8B118822-1E2D-4BC0-9C86-278EAA74FE6A}.Debug|Any CPU.Build.0 = Debug|Any CPU
		{8B118822-1E2D-4BC0-9C86-278EAA74FE6A}.Release|Any CPU.ActiveCfg = Release|Any CPU
		{8B118822-1E2D-4BC0-9C86-278EAA74FE6A}.Release|Any CPU.Build.0 = Release|Any CPU
		{394ABFC2-E570-462E-9994-37B33C348702}.Debug|Any CPU.ActiveCfg = Debug|Any CPU
		{394ABFC2-E570-462E-9994-37B33C348702}.Debug|Any CPU.Build.0 = Debug|Any CPU
		{394ABFC2-E570-462E-9994-37B33C348702}.Release|Any CPU.ActiveCfg = Release|Any CPU
		{394ABFC2-E570-462E-9994-37B33C348702}.Release|Any CPU.Build.0 = Release|Any CPU
	EndGlobalSection
	GlobalSection(SolutionProperties) = preSolution
		HideSolutionNode = FALSE
	EndGlobalSection
	GlobalSection(ExtensibilityGlobals) = postSolution
		SolutionGuid = {EECE198C-E94A-4797-971F-237BFDB87E12}
	EndGlobalSection
EndGlobal
